// !$*UTF8*$!
{
	archiveVersion = 1;
	classes = {
	};
	objectVersion = 50;
	objects = {

/* Begin PBXBuildFile section */
		81FB60232188CCDF00B55FB1 /* AppDelegate.swift in Sources */ = {isa = PBXBuildFile; fileRef = 81FB60222188CCDF00B55FB1 /* AppDelegate.swift */; };
		81FB60252188CCDF00B55FB1 /* ViewController.swift in Sources */ = {isa = PBXBuildFile; fileRef = 81FB60242188CCDF00B55FB1 /* ViewController.swift */; };
		81FB60282188CCDF00B55FB1 /* Main.storyboard in Resources */ = {isa = PBXBuildFile; fileRef = 81FB60262188CCDF00B55FB1 /* Main.storyboard */; };
		81FB602A2188CCE200B55FB1 /* Assets.xcassets in Resources */ = {isa = PBXBuildFile; fileRef = 81FB60292188CCE200B55FB1 /* Assets.xcassets */; };
		81FB602D2188CCE200B55FB1 /* LaunchScreen.storyboard in Resources */ = {isa = PBXBuildFile; fileRef = 81FB602B2188CCE200B55FB1 /* LaunchScreen.storyboard */; };
		81FB60382188CCE200B55FB1 /* practica2Tests.swift in Sources */ = {isa = PBXBuildFile; fileRef = 81FB60372188CCE200B55FB1 /* practica2Tests.swift */; };
		81FB60432188CCE200B55FB1 /* practica2UITests.swift in Sources */ = {isa = PBXBuildFile; fileRef = 81FB60422188CCE200B55FB1 /* practica2UITests.swift */; };
/* End PBXBuildFile section */

/* Begin PBXContainerItemProxy section */
		81FB60342188CCE200B55FB1 /* PBXContainerItemProxy */ = {
			isa = PBXContainerItemProxy;
			containerPortal = 81FB60172188CCDF00B55FB1 /* Project object */;
			proxyType = 1;
			remoteGlobalIDString = 81FB601E2188CCDF00B55FB1;
			remoteInfo = practica2;
		};
		81FB603F2188CCE200B55FB1 /* PBXContainerItemProxy */ = {
			isa = PBXContainerItemProxy;
			containerPortal = 81FB60172188CCDF00B55FB1 /* Project object */;
			proxyType = 1;
			remoteGlobalIDString = 81FB601E2188CCDF00B55FB1;
			remoteInfo = practica2;
		};
/* End PBXContainerItemProxy section */

/* Begin PBXFileReference section */
		81FB601F2188CCDF00B55FB1 /* practica2.app */ = {isa = PBXFileReference; explicitFileType = wrapper.application; includeInIndex = 0; path = practica2.app; sourceTree = BUILT_PRODUCTS_DIR; };
		81FB60222188CCDF00B55FB1 /* AppDelegate.swift */ = {isa = PBXFileReference; lastKnownFileType = sourcecode.swift; path = AppDelegate.swift; sourceTree = "<group>"; };
		81FB60242188CCDF00B55FB1 /* ViewController.swift */ = {isa = PBXFileReference; lastKnownFileType = sourcecode.swift; path = ViewController.swift; sourceTree = "<group>"; };
		81FB60272188CCDF00B55FB1 /* Base */ = {isa = PBXFileReference; lastKnownFileType = file.storyboard; name = Base; path = Base.lproj/Main.storyboard; sourceTree = "<group>"; };
		81FB60292188CCE200B55FB1 /* Assets.xcassets */ = {isa = PBXFileReference; lastKnownFileType = folder.assetcatalog; path = Assets.xcassets; sourceTree = "<group>"; };
		81FB602C2188CCE200B55FB1 /* Base */ = {isa = PBXFileReference; lastKnownFileType = file.storyboard; name = Base; path = Base.lproj/LaunchScreen.storyboard; sourceTree = "<group>"; };
		81FB602E2188CCE200B55FB1 /* Info.plist */ = {isa = PBXFileReference; lastKnownFileType = text.plist.xml; path = Info.plist; sourceTree = "<group>"; };
		81FB60332188CCE200B55FB1 /* practica2Tests.xctest */ = {isa = PBXFileReference; explicitFileType = wrapper.cfbundle; includeInIndex = 0; path = practica2Tests.xctest; sourceTree = BUILT_PRODUCTS_DIR; };
		81FB60372188CCE200B55FB1 /* practica2Tests.swift */ = {isa = PBXFileReference; lastKnownFileType = sourcecode.swift; path = practica2Tests.swift; sourceTree = "<group>"; };
		81FB60392188CCE200B55FB1 /* Info.plist */ = {isa = PBXFileReference; lastKnownFileType = text.plist.xml; path = Info.plist; sourceTree = "<group>"; };
		81FB603E2188CCE200B55FB1 /* practica2UITests.xctest */ = {isa = PBXFileReference; explicitFileType = wrapper.cfbundle; includeInIndex = 0; path = practica2UITests.xctest; sourceTree = BUILT_PRODUCTS_DIR; };
		81FB60422188CCE200B55FB1 /* practica2UITests.swift */ = {isa = PBXFileReference; lastKnownFileType = sourcecode.swift; path = practica2UITests.swift; sourceTree = "<group>"; };
		81FB60442188CCE200B55FB1 /* Info.plist */ = {isa = PBXFileReference; lastKnownFileType = text.plist.xml; path = Info.plist; sourceTree = "<group>"; };
/* End PBXFileReference section */

/* Begin PBXFrameworksBuildPhase section */
		81FB601C2188CCDF00B55FB1 /* Frameworks */ = {
			isa = PBXFrameworksBuildPhase;
			buildActionMask = 2147483647;
			files = (
			);
			runOnlyForDeploymentPostprocessing = 0;
		};
		81FB60302188CCE200B55FB1 /* Frameworks */ = {
			isa = PBXFrameworksBuildPhase;
			buildActionMask = 2147483647;
			files = (
			);
			runOnlyForDeploymentPostprocessing = 0;
		};
		81FB603B2188CCE200B55FB1 /* Frameworks */ = {
			isa = PBXFrameworksBuildPhase;
			buildActionMask = 2147483647;
			files = (
			);
			runOnlyForDeploymentPostprocessing = 0;
		};
/* End PBXFrameworksBuildPhase section */

/* Begin PBXGroup section */
		81FB60162188CCDF00B55FB1 = {
			isa = PBXGroup;
			children = (
				81FB60212188CCDF00B55FB1 /* practica2 */,
				81FB60362188CCE200B55FB1 /* practica2Tests */,
				81FB60412188CCE200B55FB1 /* practica2UITests */,
				81FB60202188CCDF00B55FB1 /* Products */,
			);
			sourceTree = "<group>";
		};
		81FB60202188CCDF00B55FB1 /* Products */ = {
			isa = PBXGroup;
			children = (
				81FB601F2188CCDF00B55FB1 /* practica2.app */,
				81FB60332188CCE200B55FB1 /* practica2Tests.xctest */,
				81FB603E2188CCE200B55FB1 /* practica2UITests.xctest */,
			);
			name = Products;
			sourceTree = "<group>";
		};
		81FB60212188CCDF00B55FB1 /* practica2 */ = {
			isa = PBXGroup;
			children = (
				81FB60222188CCDF00B55FB1 /* AppDelegate.swift */,
				81FB60242188CCDF00B55FB1 /* ViewController.swift */,
				81FB60262188CCDF00B55FB1 /* Main.storyboard */,
				81FB60292188CCE200B55FB1 /* Assets.xcassets */,
				81FB602B2188CCE200B55FB1 /* LaunchScreen.storyboard */,
				81FB602E2188CCE200B55FB1 /* Info.plist */,
			);
			path = practica2;
			sourceTree = "<group>";
		};
		81FB60362188CCE200B55FB1 /* practica2Tests */ = {
			isa = PBXGroup;
			children = (
				81FB60372188CCE200B55FB1 /* practica2Tests.swift */,
				81FB60392188CCE200B55FB1 /* Info.plist */,
			);
			path = practica2Tests;
			sourceTree = "<group>";
		};
		81FB60412188CCE200B55FB1 /* practica2UITests */ = {
			isa = PBXGroup;
			children = (
				81FB60422188CCE200B55FB1 /* practica2UITests.swift */,
				81FB60442188CCE200B55FB1 /* Info.plist */,
			);
			path = practica2UITests;
			sourceTree = "<group>";
		};
/* End PBXGroup section */

/* Begin PBXNativeTarget section */
		81FB601E2188CCDF00B55FB1 /* practica2 */ = {
			isa = PBXNativeTarget;
			buildConfigurationList = 81FB60472188CCE200B55FB1 /* Build configuration list for PBXNativeTarget "practica2" */;
			buildPhases = (
				81FB601B2188CCDF00B55FB1 /* Sources */,
				81FB601C2188CCDF00B55FB1 /* Frameworks */,
				81FB601D2188CCDF00B55FB1 /* Resources */,
			);
			buildRules = (
			);
			dependencies = (
			);
			name = practica2;
			productName = practica2;
			productReference = 81FB601F2188CCDF00B55FB1 /* practica2.app */;
			productType = "com.apple.product-type.application";
		};
		81FB60322188CCE200B55FB1 /* practica2Tests */ = {
			isa = PBXNativeTarget;
			buildConfigurationList = 81FB604A2188CCE200B55FB1 /* Build configuration list for PBXNativeTarget "practica2Tests" */;
			buildPhases = (
				81FB602F2188CCE200B55FB1 /* Sources */,
				81FB60302188CCE200B55FB1 /* Frameworks */,
				81FB60312188CCE200B55FB1 /* Resources */,
			);
			buildRules = (
			);
			dependencies = (
				81FB60352188CCE200B55FB1 /* PBXTargetDependency */,
			);
			name = practica2Tests;
			productName = practica2Tests;
			productReference = 81FB60332188CCE200B55FB1 /* practica2Tests.xctest */;
			productType = "com.apple.product-type.bundle.unit-test";
		};
		81FB603D2188CCE200B55FB1 /* practica2UITests */ = {
			isa = PBXNativeTarget;
			buildConfigurationList = 81FB604D2188CCE200B55FB1 /* Build configuration list for PBXNativeTarget "practica2UITests" */;
			buildPhases = (
				81FB603A2188CCE200B55FB1 /* Sources */,
				81FB603B2188CCE200B55FB1 /* Frameworks */,
				81FB603C2188CCE200B55FB1 /* Resources */,
			);
			buildRules = (
			);
			dependencies = (
				81FB60402188CCE200B55FB1 /* PBXTargetDependency */,
			);
			name = practica2UITests;
			productName = practica2UITests;
			productReference = 81FB603E2188CCE200B55FB1 /* practica2UITests.xctest */;
			productType = "com.apple.product-type.bundle.ui-testing";
		};
/* End PBXNativeTarget section */

/* Begin PBXProject section */
		81FB60172188CCDF00B55FB1 /* Project object */ = {
			isa = PBXProject;
			attributes = {
				LastSwiftUpdateCheck = 1000;
				LastUpgradeCheck = 1000;
				ORGANIZATIONNAME = "Manel Sitjar";
				TargetAttributes = {
					81FB601E2188CCDF00B55FB1 = {
						CreatedOnToolsVersion = 10.0;
					};
					81FB60322188CCE200B55FB1 = {
						CreatedOnToolsVersion = 10.0;
						TestTargetID = 81FB601E2188CCDF00B55FB1;
					};
					81FB603D2188CCE200B55FB1 = {
						CreatedOnToolsVersion = 10.0;
						TestTargetID = 81FB601E2188CCDF00B55FB1;
					};
				};
			};
			buildConfigurationList = 81FB601A2188CCDF00B55FB1 /* Build configuration list for PBXProject "practica2" */;
			compatibilityVersion = "Xcode 9.3";
			developmentRegion = en;
			hasScannedForEncodings = 0;
			knownRegions = (
				en,
				Base,
			);
			mainGroup = 81FB60162188CCDF00B55FB1;
			productRefGroup = 81FB60202188CCDF00B55FB1 /* Products */;
			projectDirPath = "";
			projectRoot = "";
			targets = (
				81FB601E2188CCDF00B55FB1 /* practica2 */,
				81FB60322188CCE200B55FB1 /* practica2Tests */,
				81FB603D2188CCE200B55FB1 /* practica2UITests */,
			);
		};
/* End PBXProject section */

/* Begin PBXResourcesBuildPhase section */
		81FB601D2188CCDF00B55FB1 /* Resources */ = {
			isa = PBXResourcesBuildPhase;
			buildActionMask = 2147483647;
			files = (
				81FB602D2188CCE200B55FB1 /* LaunchScreen.storyboard in Resources */,
				81FB602A2188CCE200B55FB1 /* Assets.xcassets in Resources */,
				81FB60282188CCDF00B55FB1 /* Main.storyboard in Resources */,
			);
			runOnlyForDeploymentPostprocessing = 0;
		};
		81FB60312188CCE200B55FB1 /* Resources */ = {
			isa = PBXResourcesBuildPhase;
			buildActionMask = 2147483647;
			files = (
			);
			runOnlyForDeploymentPostprocessing = 0;
		};
		81FB603C2188CCE200B55FB1 /* Resources */ = {
			isa = PBXResourcesBuildPhase;
			buildActionMask = 2147483647;
			files = (
			);
			runOnlyForDeploymentPostprocessing = 0;
		};
/* End PBXResourcesBuildPhase section */

/* Begin PBXSourcesBuildPhase section */
		81FB601B2188CCDF00B55FB1 /* Sources */ = {
			isa = PBXSourcesBuildPhase;
			buildActionMask = 2147483647;
			files = (
				81FB60252188CCDF00B55FB1 /* ViewController.swift in Sources */,
				81FB60232188CCDF00B55FB1 /* AppDelegate.swift in Sources */,
			);
			runOnlyForDeploymentPostprocessing = 0;
		};
		81FB602F2188CCE200B55FB1 /* Sources */ = {
			isa = PBXSourcesBuildPhase;
			buildActionMask = 2147483647;
			files = (
				81FB60382188CCE200B55FB1 /* practica2Tests.swift in Sources */,
			);
			runOnlyForDeploymentPostprocessing = 0;
		};
		81FB603A2188CCE200B55FB1 /* Sources */ = {
			isa = PBXSourcesBuildPhase;
			buildActionMask = 2147483647;
			files = (
				81FB60432188CCE200B55FB1 /* practica2UITests.swift in Sources */,
			);
			runOnlyForDeploymentPostprocessing = 0;
		};
/* End PBXSourcesBuildPhase section */

/* Begin PBXTargetDependency section */
		81FB60352188CCE200B55FB1 /* PBXTargetDependency */ = {
			isa = PBXTargetDependency;
			target = 81FB601E2188CCDF00B55FB1 /* practica2 */;
			targetProxy = 81FB60342188CCE200B55FB1 /* PBXContainerItemProxy */;
		};
		81FB60402188CCE200B55FB1 /* PBXTargetDependency */ = {
			isa = PBXTargetDependency;
			target = 81FB601E2188CCDF00B55FB1 /* practica2 */;
			targetProxy = 81FB603F2188CCE200B55FB1 /* PBXContainerItemProxy */;
		};
/* End PBXTargetDependency section */

/* Begin PBXVariantGroup section */
		81FB60262188CCDF00B55FB1 /* Main.storyboard */ = {
			isa = PBXVariantGroup;
			children = (
				81FB60272188CCDF00B55FB1 /* Base */,
			);
			name = Main.storyboard;
			sourceTree = "<group>";
		};
		81FB602B2188CCE200B55FB1 /* LaunchScreen.storyboard */ = {
			isa = PBXVariantGroup;
			children = (
				81FB602C2188CCE200B55FB1 /* Base */,
			);
			name = LaunchScreen.storyboard;
			sourceTree = "<group>";
		};
/* End PBXVariantGroup section */

/* Begin XCBuildConfiguration section */
		81FB60452188CCE200B55FB1 /* Debug */ = {
			isa = XCBuildConfiguration;
			buildSettings = {
				ALWAYS_SEARCH_USER_PATHS = NO;
				CLANG_ANALYZER_NONNULL = YES;
				CLANG_ANALYZER_NUMBER_OBJECT_CONVERSION = YES_AGGRESSIVE;
				CLANG_CXX_LANGUAGE_STANDARD = "gnu++14";
				CLANG_CXX_LIBRARY = "libc++";
				CLANG_ENABLE_MODULES = YES;
				CLANG_ENABLE_OBJC_ARC = YES;
				CLANG_ENABLE_OBJC_WEAK = YES;
				CLANG_WARN_BLOCK_CAPTURE_AUTORELEASING = YES;
				CLANG_WARN_BOOL_CONVERSION = YES;
				CLANG_WARN_COMMA = YES;
				CLANG_WARN_CONSTANT_CONVERSION = YES;
				CLANG_WARN_DEPRECATED_OBJC_IMPLEMENTATIONS = YES;
				CLANG_WARN_DIRECT_OBJC_ISA_USAGE = YES_ERROR;
				CLANG_WARN_DOCUMENTATION_COMMENTS = YES;
				CLANG_WARN_EMPTY_BODY = YES;
				CLANG_WARN_ENUM_CONVERSION = YES;
				CLANG_WARN_INFINITE_RECURSION = YES;
				CLANG_WARN_INT_CONVERSION = YES;
				CLANG_WARN_NON_LITERAL_NULL_CONVERSION = YES;
				CLANG_WARN_OBJC_IMPLICIT_RETAIN_SELF = YES;
				CLANG_WARN_OBJC_LITERAL_CONVERSION = YES;
				CLANG_WARN_OBJC_ROOT_CLASS = YES_ERROR;
				CLANG_WARN_RANGE_LOOP_ANALYSIS = YES;
				CLANG_WARN_STRICT_PROTOTYPES = YES;
				CLANG_WARN_SUSPICIOUS_MOVE = YES;
				CLANG_WARN_UNGUARDED_AVAILABILITY = YES_AGGRESSIVE;
				CLANG_WARN_UNREACHABLE_CODE = YES;
				CLANG_WARN__DUPLICATE_METHOD_MATCH = YES;
				CODE_SIGN_IDENTITY = "iPhone Developer";
				COPY_PHASE_STRIP = NO;
				DEBUG_INFORMATION_FORMAT = dwarf;
				ENABLE_STRICT_OBJC_MSGSEND = YES;
				ENABLE_TESTABILITY = YES;
				GCC_C_LANGUAGE_STANDARD = gnu11;
				GCC_DYNAMIC_NO_PIC = NO;
				GCC_NO_COMMON_BLOCKS = YES;
				GCC_OPTIMIZATION_LEVEL = 0;
				GCC_PREPROCESSOR_DEFINITIONS = (
					"DEBUG=1",
					"$(inherited)",
				);
				GCC_WARN_64_TO_32_BIT_CONVERSION = YES;
				GCC_WARN_ABOUT_RETURN_TYPE = YES_ERROR;
				GCC_WARN_UNDECLARED_SELECTOR = YES;
				GCC_WARN_UNINITIALIZED_AUTOS = YES_AGGRESSIVE;
				GCC_WARN_UNUSED_FUNCTION = YES;
				GCC_WARN_UNUSED_VARIABLE = YES;
				IPHONEOS_DEPLOYMENT_TARGET = 12.0;
				MTL_ENABLE_DEBUG_INFO = INCLUDE_SOURCE;
				MTL_FAST_MATH = YES;
				ONLY_ACTIVE_ARCH = YES;
				SDKROOT = iphoneos;
				SWIFT_ACTIVE_COMPILATION_CONDITIONS = DEBUG;
				SWIFT_OPTIMIZATION_LEVEL = "-Onone";
			};
			name = Debug;
		};
		81FB60462188CCE200B55FB1 /* Release */ = {
			isa = XCBuildConfiguration;
			buildSettings = {
				ALWAYS_SEARCH_USER_PATHS = NO;
				CLANG_ANALYZER_NONNULL = YES;
				CLANG_ANALYZER_NUMBER_OBJECT_CONVERSION = YES_AGGRESSIVE;
				CLANG_CXX_LANGUAGE_STANDARD = "gnu++14";
				CLANG_CXX_LIBRARY = "libc++";
				CLANG_ENABLE_MODULES = YES;
				CLANG_ENABLE_OBJC_ARC = YES;
				CLANG_ENABLE_OBJC_WEAK = YES;
				CLANG_WARN_BLOCK_CAPTURE_AUTORELEASING = YES;
				CLANG_WARN_BOOL_CONVERSION = YES;
				CLANG_WARN_COMMA = YES;
				CLANG_WARN_CONSTANT_CONVERSION = YES;
				CLANG_WARN_DEPRECATED_OBJC_IMPLEMENTATIONS = YES;
				CLANG_WARN_DIRECT_OBJC_ISA_USAGE = YES_ERROR;
				CLANG_WARN_DOCUMENTATION_COMMENTS = YES;
				CLANG_WARN_EMPTY_BODY = YES;
				CLANG_WARN_ENUM_CONVERSION = YES;
				CLANG_WARN_INFINITE_RECURSION = YES;
				CLANG_WARN_INT_CONVERSION = YES;
				CLANG_WARN_NON_LITERAL_NULL_CONVERSION = YES;
				CLANG_WARN_OBJC_IMPLICIT_RETAIN_SELF = YES;
				CLANG_WARN_OBJC_LITERAL_CONVERSION = YES;
				CLANG_WARN_OBJC_ROOT_CLASS = YES_ERROR;
				CLANG_WARN_RANGE_LOOP_ANALYSIS = YES;
				CLANG_WARN_STRICT_PROTOTYPES = YES;
				CLANG_WARN_SUSPICIOUS_MOVE = YES;
				CLANG_WARN_UNGUARDED_AVAILABILITY = YES_AGGRESSIVE;
				CLANG_WARN_UNREACHABLE_CODE = YES;
				CLANG_WARN__DUPLICATE_METHOD_MATCH = YES;
				CODE_SIGN_IDENTITY = "iPhone Developer";
				COPY_PHASE_STRIP = NO;
				DEBUG_INFORMATION_FORMAT = "dwarf-with-dsym";
				ENABLE_NS_ASSERTIONS = NO;
				ENABLE_STRICT_OBJC_MSGSEND = YES;
				GCC_C_LANGUAGE_STANDARD = gnu11;
				GCC_NO_COMMON_BLOCKS = YES;
				GCC_WARN_64_TO_32_BIT_CONVERSION = YES;
				GCC_WARN_ABOUT_RETURN_TYPE = YES_ERROR;
				GCC_WARN_UNDECLARED_SELECTOR = YES;
				GCC_WARN_UNINITIALIZED_AUTOS = YES_AGGRESSIVE;
				GCC_WARN_UNUSED_FUNCTION = YES;
				GCC_WARN_UNUSED_VARIABLE = YES;
				IPHONEOS_DEPLOYMENT_TARGET = 12.0;
				MTL_ENABLE_DEBUG_INFO = NO;
				MTL_FAST_MATH = YES;
				SDKROOT = iphoneos;
				SWIFT_COMPILATION_MODE = wholemodule;
				SWIFT_OPTIMIZATION_LEVEL = "-O";
				VALIDATE_PRODUCT = YES;
			};
			name = Release;
		};
		81FB60482188CCE200B55FB1 /* Debug */ = {
			isa = XCBuildConfiguration;
			buildSettings = {
				ASSETCATALOG_COMPILER_APPICON_NAME = AppIcon;
				CODE_SIGN_STYLE = Automatic;
				INFOPLIST_FILE = practica2/Info.plist;
				LD_RUNPATH_SEARCH_PATHS = (
					"$(inherited)",
					"@executable_path/Frameworks",
				);
				PRODUCT_BUNDLE_IDENTIFIER = msp.com.practica2;
				PRODUCT_NAME = "$(TARGET_NAME)";
				SWIFT_VERSION = 4.2;
				TARGETED_DEVICE_FAMILY = "1,2";
			};
			name = Debug;
		};
		81FB60492188CCE200B55FB1 /* Release */ = {
			isa = XCBuildConfiguration;
			buildSettings = {
				ASSETCATALOG_COMPILER_APPICON_NAME = AppIcon;
				CODE_SIGN_STYLE = Automatic;
				INFOPLIST_FILE = practica2/Info.plist;
				LD_RUNPATH_SEARCH_PATHS = (
					"$(inherited)",
					"@executable_path/Frameworks",
				);
				PRODUCT_BUNDLE_IDENTIFIER = msp.com.practica2;
				PRODUCT_NAME = "$(TARGET_NAME)";
				SWIFT_VERSION = 4.2;
				TARGETED_DEVICE_FAMILY = "1,2";
			};
			name = Release;
		};
		81FB604B2188CCE200B55FB1 /* Debug */ = {
			isa = XCBuildConfiguration;
			buildSettings = {
				ALWAYS_EMBED_SWIFT_STANDARD_LIBRARIES = YES;
				BUNDLE_LOADER = "$(TEST_HOST)";
				CODE_SIGN_STYLE = Automatic;
				INFOPLIST_FILE = practica2Tests/Info.plist;
				LD_RUNPATH_SEARCH_PATHS = (
					"$(inherited)",
					"@executable_path/Frameworks",
					"@loader_path/Frameworks",
				);
				PRODUCT_BUNDLE_IDENTIFIER = msp.com.practica2Tests;
				PRODUCT_NAME = "$(TARGET_NAME)";
				SWIFT_VERSION = 4.2;
				TARGETED_DEVICE_FAMILY = "1,2";
				TEST_HOST = "$(BUILT_PRODUCTS_DIR)/practica2.app/practica2";
			};
			name = Debug;
		};
		81FB604C2188CCE200B55FB1 /* Release */ = {
			isa = XCBuildConfiguration;
			buildSettings = {
				ALWAYS_EMBED_SWIFT_STANDARD_LIBRARIES = YES;
				BUNDLE_LOADER = "$(TEST_HOST)";
				CODE_SIGN_STYLE = Automatic;
				INFOPLIST_FILE = practica2Tests/Info.plist;
				LD_RUNPATH_SEARCH_PATHS = (
					"$(inherited)",
					"@executable_path/Frameworks",
					"@loader_path/Frameworks",
				);
				PRODUCT_BUNDLE_IDENTIFIER = msp.com.practica2Tests;
				PRODUCT_NAME = "$(TARGET_NAME)";
				SWIFT_VERSION = 4.2;
				TARGETED_DEVICE_FAMILY = "1,2";
				TEST_HOST = "$(BUILT_PRODUCTS_DIR)/practica2.app/practica2";
			};
			name = Release;
		};
		81FB604E2188CCE200B55FB1 /* Debug */ = {
			isa = XCBuildConfiguration;
			buildSettings = {
				ALWAYS_EMBED_SWIFT_STANDARD_LIBRARIES = YES;
				CODE_SIGN_STYLE = Automatic;
				INFOPLIST_FILE = practica2UITests/Info.plist;
				LD_RUNPATH_SEARCH_PATHS = (
					"$(inherited)",
					"@executable_path/Frameworks",
					"@loader_path/Frameworks",
				);
				PRODUCT_BUNDLE_IDENTIFIER = msp.com.practica2UITests;
				PRODUCT_NAME = "$(TARGET_NAME)";
				SWIFT_VERSION = 4.2;
				TARGETED_DEVICE_FAMILY = "1,2";
				TEST_TARGET_NAME = practica2;
			};
			name = Debug;
		};
		81FB604F2188CCE200B55FB1 /* Release */ = {
			isa = XCBuildConfiguration;
			buildSettings = {
				ALWAYS_EMBED_SWIFT_STANDARD_LIBRARIES = YES;
				CODE_SIGN_STYLE = Automatic;
				INFOPLIST_FILE = practica2UITests/Info.plist;
				LD_RUNPATH_SEARCH_PATHS = (
					"$(inherited)",
					"@executable_path/Frameworks",
					"@loader_path/Frameworks",
				);
				PRODUCT_BUNDLE_IDENTIFIER = msp.com.practica2UITests;
				PRODUCT_NAME = "$(TARGET_NAME)";
				SWIFT_VERSION = 4.2;
				TARGETED_DEVICE_FAMILY = "1,2";
				TEST_TARGET_NAME = practica2;
			};
			name = Release;
		};
/* End XCBuildConfiguration section */

/* Begin XCConfigurationList section */
		81FB601A2188CCDF00B55FB1 /* Build configuration list for PBXProject "practica2" */ = {
			isa = XCConfigurationList;
			buildConfigurations = (
				81FB60452188CCE200B55FB1 /* Debug */,
				81FB60462188CCE200B55FB1 /* Release */,
			);
			defaultConfigurationIsVisible = 0;
			defaultConfigurationName = Release;
		};
		81FB60472188CCE200B55FB1 /* Build configuration list for PBXNativeTarget "practica2" */ = {
			isa = XCConfigurationList;
			buildConfigurations = (
				81FB60482188CCE200B55FB1 /* Debug */,
				81FB60492188CCE200B55FB1 /* Release */,
			);
			defaultConfigurationIsVisible = 0;
			defaultConfigurationName = Release;
		};
		81FB604A2188CCE200B55FB1 /* Build configuration list for PBXNativeTarget "practica2Tests" */ = {
			isa = XCConfigurationList;
			buildConfigurations = (
				81FB604B2188CCE200B55FB1 /* Debug */,
				81FB604C2188CCE200B55FB1 /* Release */,
			);
			defaultConfigurationIsVisible = 0;
			defaultConfigurationName = Release;
		};
		81FB604D2188CCE200B55FB1 /* Build configuration list for PBXNativeTarget "practica2UITests" */ = {
			isa = XCConfigurationList;
			buildConfigurations = (
				81FB604E2188CCE200B55FB1 /* Debug */,
				81FB604F2188CCE200B55FB1 /* Release */,
			);
			defaultConfigurationIsVisible = 0;
			defaultConfigurationName = Release;
		};
/* End XCConfigurationList section */
	};
	rootObject = 81FB60172188CCDF00B55FB1 /* Project object */;
}
